// !$*UTF8*$!
{
	archiveVersion = 1;
	classes = {
	};
	objectVersion = 46;
	objects = {

/* Begin PBXBuildFile section */
		66155F8B1980F70C0017888E /* DMCircularScrollView.m in Sources */ = {isa = PBXBuildFile; fileRef = 66155F8A1980F70C0017888E /* DMCircularScrollView.m */; };
		66155F90198116770017888E /* Weight.m in Sources */ = {isa = PBXBuildFile; fileRef = 66155F8F198116770017888E /* Weight.m */; };
		66155F931981173E0017888E /* WeightData.m in Sources */ = {isa = PBXBuildFile; fileRef = 66155F921981173E0017888E /* WeightData.m */; };
		6661DCF519804C6E00FB0D30 /* Foundation.framework in Frameworks */ = {isa = PBXBuildFile; fileRef = 6661DCF419804C6E00FB0D30 /* Foundation.framework */; };
		6661DCF719804C6E00FB0D30 /* CoreGraphics.framework in Frameworks */ = {isa = PBXBuildFile; fileRef = 6661DCF619804C6E00FB0D30 /* CoreGraphics.framework */; };
		6661DCF919804C6E00FB0D30 /* UIKit.framework in Frameworks */ = {isa = PBXBuildFile; fileRef = 6661DCF819804C6E00FB0D30 /* UIKit.framework */; };
		6661DCFF19804C6E00FB0D30 /* InfoPlist.strings in Resources */ = {isa = PBXBuildFile; fileRef = 6661DCFD19804C6E00FB0D30 /* InfoPlist.strings */; };
		6661DD0119804C6E00FB0D30 /* main.m in Sources */ = {isa = PBXBuildFile; fileRef = 6661DD0019804C6E00FB0D30 /* main.m */; };
		6661DD0519804C6E00FB0D30 /* AppDelegate.m in Sources */ = {isa = PBXBuildFile; fileRef = 6661DD0419804C6E00FB0D30 /* AppDelegate.m */; };
		6661DD0819804C6E00FB0D30 /* Main.storyboard in Resources */ = {isa = PBXBuildFile; fileRef = 6661DD0619804C6E00FB0D30 /* Main.storyboard */; };
		6661DD0B19804C6E00FB0D30 /* ViewController.m in Sources */ = {isa = PBXBuildFile; fileRef = 6661DD0A19804C6E00FB0D30 /* ViewController.m */; };
		6661DD0D19804C6E00FB0D30 /* Images.xcassets in Resources */ = {isa = PBXBuildFile; fileRef = 6661DD0C19804C6E00FB0D30 /* Images.xcassets */; };
		6661DD1419804C6E00FB0D30 /* XCTest.framework in Frameworks */ = {isa = PBXBuildFile; fileRef = 6661DD1319804C6E00FB0D30 /* XCTest.framework */; };
		6661DD1519804C6E00FB0D30 /* Foundation.framework in Frameworks */ = {isa = PBXBuildFile; fileRef = 6661DCF419804C6E00FB0D30 /* Foundation.framework */; };
		6661DD1619804C6E00FB0D30 /* UIKit.framework in Frameworks */ = {isa = PBXBuildFile; fileRef = 6661DCF819804C6E00FB0D30 /* UIKit.framework */; };
		6661DD1E19804C6E00FB0D30 /* InfoPlist.strings in Resources */ = {isa = PBXBuildFile; fileRef = 6661DD1C19804C6E00FB0D30 /* InfoPlist.strings */; };
		6661DD2019804C6E00FB0D30 /* QuinsTests.m in Sources */ = {isa = PBXBuildFile; fileRef = 6661DD1F19804C6E00FB0D30 /* QuinsTests.m */; };
		8BFF9591A6C24212AE174452 /* libPods.a in Frameworks */ = {isa = PBXBuildFile; fileRef = D1193755E47E42BB8830BFD7 /* libPods.a */; };
/* End PBXBuildFile section */

/* Begin PBXContainerItemProxy section */
		6661DD1719804C6E00FB0D30 /* PBXContainerItemProxy */ = {
			isa = PBXContainerItemProxy;
			containerPortal = 6661DCE919804C6D00FB0D30 /* Project object */;
			proxyType = 1;
			remoteGlobalIDString = 6661DCF019804C6D00FB0D30;
			remoteInfo = Quins;
		};
/* End PBXContainerItemProxy section */

/* Begin PBXFileReference section */
		3633A9CBDC0C4340BACD5111 /* Pods.xcconfig */ = {isa = PBXFileReference; includeInIndex = 1; lastKnownFileType = text.xcconfig; name = Pods.xcconfig; path = Pods/Pods.xcconfig; sourceTree = "<group>"; };
		66155F891980F70C0017888E /* DMCircularScrollView.h */ = {isa = PBXFileReference; fileEncoding = 4; lastKnownFileType = sourcecode.c.h; path = DMCircularScrollView.h; sourceTree = "<group>"; };
		66155F8A1980F70C0017888E /* DMCircularScrollView.m */ = {isa = PBXFileReference; fileEncoding = 4; lastKnownFileType = sourcecode.c.objc; path = DMCircularScrollView.m; sourceTree = "<group>"; };
		66155F8E198116770017888E /* Weight.h */ = {isa = PBXFileReference; fileEncoding = 4; lastKnownFileType = sourcecode.c.h; name = Weight.h; path = Models/Weight.h; sourceTree = "<group>"; };
		66155F8F198116770017888E /* Weight.m */ = {isa = PBXFileReference; fileEncoding = 4; lastKnownFileType = sourcecode.c.objc; name = Weight.m; path = Models/Weight.m; sourceTree = "<group>"; };
		66155F911981173E0017888E /* WeightData.h */ = {isa = PBXFileReference; fileEncoding = 4; lastKnownFileType = sourcecode.c.h; name = WeightData.h; path = MockData/WeightData.h; sourceTree = "<group>"; };
		66155F921981173E0017888E /* WeightData.m */ = {isa = PBXFileReference; fileEncoding = 4; lastKnownFileType = sourcecode.c.objc; name = WeightData.m; path = MockData/WeightData.m; sourceTree = "<group>"; };
		6661DCF119804C6D00FB0D30 /* Quins.app */ = {isa = PBXFileReference; explicitFileType = wrapper.application; includeInIndex = 0; path = Quins.app; sourceTree = BUILT_PRODUCTS_DIR; };
		6661DCF419804C6E00FB0D30 /* Foundation.framework */ = {isa = PBXFileReference; lastKnownFileType = wrapper.framework; name = Foundation.framework; path = System/Library/Frameworks/Foundation.framework; sourceTree = SDKROOT; };
		6661DCF619804C6E00FB0D30 /* CoreGraphics.framework */ = {isa = PBXFileReference; lastKnownFileType = wrapper.framework; name = CoreGraphics.framework; path = System/Library/Frameworks/CoreGraphics.framework; sourceTree = SDKROOT; };
		6661DCF819804C6E00FB0D30 /* UIKit.framework */ = {isa = PBXFileReference; lastKnownFileType = wrapper.framework; name = UIKit.framework; path = System/Library/Frameworks/UIKit.framework; sourceTree = SDKROOT; };
		6661DCFC19804C6E00FB0D30 /* Quins-Info.plist */ = {isa = PBXFileReference; lastKnownFileType = text.plist.xml; path = "Quins-Info.plist"; sourceTree = "<group>"; };
		6661DCFE19804C6E00FB0D30 /* en */ = {isa = PBXFileReference; lastKnownFileType = text.plist.strings; name = en; path = en.lproj/InfoPlist.strings; sourceTree = "<group>"; };
		6661DD0019804C6E00FB0D30 /* main.m */ = {isa = PBXFileReference; lastKnownFileType = sourcecode.c.objc; path = main.m; sourceTree = "<group>"; };
		6661DD0219804C6E00FB0D30 /* Quins-Prefix.pch */ = {isa = PBXFileReference; lastKnownFileType = sourcecode.c.h; path = "Quins-Prefix.pch"; sourceTree = "<group>"; };
		6661DD0319804C6E00FB0D30 /* AppDelegate.h */ = {isa = PBXFileReference; lastKnownFileType = sourcecode.c.h; path = AppDelegate.h; sourceTree = "<group>"; };
		6661DD0419804C6E00FB0D30 /* AppDelegate.m */ = {isa = PBXFileReference; lastKnownFileType = sourcecode.c.objc; path = AppDelegate.m; sourceTree = "<group>"; };
		6661DD0719804C6E00FB0D30 /* Base */ = {isa = PBXFileReference; lastKnownFileType = file.storyboard; name = Base; path = Base.lproj/Main.storyboard; sourceTree = "<group>"; };
		6661DD0919804C6E00FB0D30 /* ViewController.h */ = {isa = PBXFileReference; lastKnownFileType = sourcecode.c.h; path = ViewController.h; sourceTree = "<group>"; };
		6661DD0A19804C6E00FB0D30 /* ViewController.m */ = {isa = PBXFileReference; lastKnownFileType = sourcecode.c.objc; path = ViewController.m; sourceTree = "<group>"; };
		6661DD0C19804C6E00FB0D30 /* Images.xcassets */ = {isa = PBXFileReference; lastKnownFileType = folder.assetcatalog; path = Images.xcassets; sourceTree = "<group>"; };
		6661DD1219804C6E00FB0D30 /* QuinsTests.xctest */ = {isa = PBXFileReference; explicitFileType = wrapper.cfbundle; includeInIndex = 0; path = QuinsTests.xctest; sourceTree = BUILT_PRODUCTS_DIR; };
		6661DD1319804C6E00FB0D30 /* XCTest.framework */ = {isa = PBXFileReference; lastKnownFileType = wrapper.framework; name = XCTest.framework; path = Library/Frameworks/XCTest.framework; sourceTree = DEVELOPER_DIR; };
		6661DD1B19804C6E00FB0D30 /* QuinsTests-Info.plist */ = {isa = PBXFileReference; lastKnownFileType = text.plist.xml; path = "QuinsTests-Info.plist"; sourceTree = "<group>"; };
		6661DD1D19804C6E00FB0D30 /* en */ = {isa = PBXFileReference; lastKnownFileType = text.plist.strings; name = en; path = en.lproj/InfoPlist.strings; sourceTree = "<group>"; };
		6661DD1F19804C6E00FB0D30 /* QuinsTests.m */ = {isa = PBXFileReference; lastKnownFileType = sourcecode.c.objc; path = QuinsTests.m; sourceTree = "<group>"; };
		D1193755E47E42BB8830BFD7 /* libPods.a */ = {isa = PBXFileReference; explicitFileType = archive.ar; includeInIndex = 0; path = libPods.a; sourceTree = BUILT_PRODUCTS_DIR; };
/* End PBXFileReference section */

/* Begin PBXFrameworksBuildPhase section */
		6661DCEE19804C6D00FB0D30 /* Frameworks */ = {
			isa = PBXFrameworksBuildPhase;
			buildActionMask = 2147483647;
			files = (
				6661DCF719804C6E00FB0D30 /* CoreGraphics.framework in Frameworks */,
				6661DCF919804C6E00FB0D30 /* UIKit.framework in Frameworks */,
				6661DCF519804C6E00FB0D30 /* Foundation.framework in Frameworks */,
				8BFF9591A6C24212AE174452 /* libPods.a in Frameworks */,
			);
			runOnlyForDeploymentPostprocessing = 0;
		};
		6661DD0F19804C6E00FB0D30 /* Frameworks */ = {
			isa = PBXFrameworksBuildPhase;
			buildActionMask = 2147483647;
			files = (
				6661DD1419804C6E00FB0D30 /* XCTest.framework in Frameworks */,
				6661DD1619804C6E00FB0D30 /* UIKit.framework in Frameworks */,
				6661DD1519804C6E00FB0D30 /* Foundation.framework in Frameworks */,
			);
			runOnlyForDeploymentPostprocessing = 0;
		};
/* End PBXFrameworksBuildPhase section */

/* Begin PBXGroup section */
		66155F8C1981163C0017888E /* CircularScrollView */ = {
			isa = PBXGroup;
			children = (
				66155F891980F70C0017888E /* DMCircularScrollView.h */,
				66155F8A1980F70C0017888E /* DMCircularScrollView.m */,
			);
			name = CircularScrollView;
			sourceTree = "<group>";
		};
		66155F8D198116530017888E /* Models */ = {
			isa = PBXGroup;
			children = (
				66155F8E198116770017888E /* Weight.h */,
				66155F8F198116770017888E /* Weight.m */,
			);
			name = Models;
			sourceTree = "<group>";
		};
		66155F94198117460017888E /* MockData */ = {
			isa = PBXGroup;
			children = (
				66155F911981173E0017888E /* WeightData.h */,
				66155F921981173E0017888E /* WeightData.m */,
			);
			name = MockData;
			sourceTree = "<group>";
		};
		6661DCE819804C6D00FB0D30 = {
			isa = PBXGroup;
			children = (
				6661DCFA19804C6E00FB0D30 /* Quins */,
				6661DD1919804C6E00FB0D30 /* QuinsTests */,
				6661DCF319804C6D00FB0D30 /* Frameworks */,
				6661DCF219804C6D00FB0D30 /* Products */,
				3633A9CBDC0C4340BACD5111 /* Pods.xcconfig */,
			);
			sourceTree = "<group>";
		};
		6661DCF219804C6D00FB0D30 /* Products */ = {
			isa = PBXGroup;
			children = (
				6661DCF119804C6D00FB0D30 /* Quins.app */,
				6661DD1219804C6E00FB0D30 /* QuinsTests.xctest */,
			);
			name = Products;
			sourceTree = "<group>";
		};
		6661DCF319804C6D00FB0D30 /* Frameworks */ = {
			isa = PBXGroup;
			children = (
				6661DCF419804C6E00FB0D30 /* Foundation.framework */,
				6661DCF619804C6E00FB0D30 /* CoreGraphics.framework */,
				6661DCF819804C6E00FB0D30 /* UIKit.framework */,
				6661DD1319804C6E00FB0D30 /* XCTest.framework */,
				D1193755E47E42BB8830BFD7 /* libPods.a */,
			);
			name = Frameworks;
			sourceTree = "<group>";
		};
		6661DCFA19804C6E00FB0D30 /* Quins */ = {
			isa = PBXGroup;
			children = (
				6661DD0319804C6E00FB0D30 /* AppDelegate.h */,
				6661DD0419804C6E00FB0D30 /* AppDelegate.m */,
				6661DD0619804C6E00FB0D30 /* Main.storyboard */,
				6661DD0919804C6E00FB0D30 /* ViewController.h */,
				6661DD0A19804C6E00FB0D30 /* ViewController.m */,
				66155F94198117460017888E /* MockData */,
				66155F8D198116530017888E /* Models */,
				66155F8C1981163C0017888E /* CircularScrollView */,
				6661DD0C19804C6E00FB0D30 /* Images.xcassets */,
				6661DCFB19804C6E00FB0D30 /* Supporting Files */,
			);
			path = Quins;
			sourceTree = "<group>";
		};
		6661DCFB19804C6E00FB0D30 /* Supporting Files */ = {
			isa = PBXGroup;
			children = (
				6661DCFC19804C6E00FB0D30 /* Quins-Info.plist */,
				6661DCFD19804C6E00FB0D30 /* InfoPlist.strings */,
				6661DD0019804C6E00FB0D30 /* main.m */,
				6661DD0219804C6E00FB0D30 /* Quins-Prefix.pch */,
			);
			name = "Supporting Files";
			sourceTree = "<group>";
		};
		6661DD1919804C6E00FB0D30 /* QuinsTests */ = {
			isa = PBXGroup;
			children = (
				6661DD1F19804C6E00FB0D30 /* QuinsTests.m */,
				6661DD1A19804C6E00FB0D30 /* Supporting Files */,
			);
			path = QuinsTests;
			sourceTree = "<group>";
		};
		6661DD1A19804C6E00FB0D30 /* Supporting Files */ = {
			isa = PBXGroup;
			children = (
				6661DD1B19804C6E00FB0D30 /* QuinsTests-Info.plist */,
				6661DD1C19804C6E00FB0D30 /* InfoPlist.strings */,
			);
			name = "Supporting Files";
			sourceTree = "<group>";
		};
/* End PBXGroup section */

/* Begin PBXNativeTarget section */
		6661DCF019804C6D00FB0D30 /* Quins */ = {
			isa = PBXNativeTarget;
			buildConfigurationList = 6661DD2319804C6E00FB0D30 /* Build configuration list for PBXNativeTarget "Quins" */;
			buildPhases = (
				9D292D4CFCB1469FB10CB298 /* Check Pods Manifest.lock */,
				6661DCED19804C6D00FB0D30 /* Sources */,
				6661DCEE19804C6D00FB0D30 /* Frameworks */,
				6661DCEF19804C6D00FB0D30 /* Resources */,
				4265044A107E4F778CCDD85D /* Copy Pods Resources */,
			);
			buildRules = (
			);
			dependencies = (
			);
			name = Quins;
			productName = Quins;
			productReference = 6661DCF119804C6D00FB0D30 /* Quins.app */;
			productType = "com.apple.product-type.application";
		};
		6661DD1119804C6E00FB0D30 /* QuinsTests */ = {
			isa = PBXNativeTarget;
			buildConfigurationList = 6661DD2619804C6E00FB0D30 /* Build configuration list for PBXNativeTarget "QuinsTests" */;
			buildPhases = (
				6661DD0E19804C6E00FB0D30 /* Sources */,
				6661DD0F19804C6E00FB0D30 /* Frameworks */,
				6661DD1019804C6E00FB0D30 /* Resources */,
			);
			buildRules = (
			);
			dependencies = (
				6661DD1819804C6E00FB0D30 /* PBXTargetDependency */,
			);
			name = QuinsTests;
			productName = QuinsTests;
			productReference = 6661DD1219804C6E00FB0D30 /* QuinsTests.xctest */;
			productType = "com.apple.product-type.bundle.unit-test";
		};
/* End PBXNativeTarget section */

/* Begin PBXProject section */
		6661DCE919804C6D00FB0D30 /* Project object */ = {
			isa = PBXProject;
			attributes = {
				LastUpgradeCheck = 0510;
				ORGANIZATIONNAME = bespalown;
				TargetAttributes = {
					6661DD1119804C6E00FB0D30 = {
						TestTargetID = 6661DCF019804C6D00FB0D30;
					};
				};
			};
			buildConfigurationList = 6661DCEC19804C6D00FB0D30 /* Build configuration list for PBXProject "Quins" */;
			compatibilityVersion = "Xcode 3.2";
			developmentRegion = English;
			hasScannedForEncodings = 0;
			knownRegions = (
				en,
				Base,
			);
			mainGroup = 6661DCE819804C6D00FB0D30;
			productRefGroup = 6661DCF219804C6D00FB0D30 /* Products */;
			projectDirPath = "";
			projectRoot = "";
			targets = (
				6661DCF019804C6D00FB0D30 /* Quins */,
				6661DD1119804C6E00FB0D30 /* QuinsTests */,
			);
		};
/* End PBXProject section */

/* Begin PBXResourcesBuildPhase section */
		6661DCEF19804C6D00FB0D30 /* Resources */ = {
			isa = PBXResourcesBuildPhase;
			buildActionMask = 2147483647;
			files = (
				6661DD0D19804C6E00FB0D30 /* Images.xcassets in Resources */,
				6661DCFF19804C6E00FB0D30 /* InfoPlist.strings in Resources */,
				6661DD0819804C6E00FB0D30 /* Main.storyboard in Resources */,
			);
			runOnlyForDeploymentPostprocessing = 0;
		};
		6661DD1019804C6E00FB0D30 /* Resources */ = {
			isa = PBXResourcesBuildPhase;
			buildActionMask = 2147483647;
			files = (
				6661DD1E19804C6E00FB0D30 /* InfoPlist.strings in Resources */,
			);
			runOnlyForDeploymentPostprocessing = 0;
		};
/* End PBXResourcesBuildPhase section */

/* Begin PBXShellScriptBuildPhase section */
		4265044A107E4F778CCDD85D /* Copy Pods Resources */ = {
			isa = PBXShellScriptBuildPhase;
			buildActionMask = 2147483647;
			files = (
			);
			inputPaths = (
			);
			name = "Copy Pods Resources";
			outputPaths = (
			);
			runOnlyForDeploymentPostprocessing = 0;
			shellPath = /bin/sh;
			shellScript = "\"${SRCROOT}/Pods/Pods-resources.sh\"\n";
			showEnvVarsInLog = 0;
		};
		9D292D4CFCB1469FB10CB298 /* Check Pods Manifest.lock */ = {
			isa = PBXShellScriptBuildPhase;
			buildActionMask = 2147483647;
			files = (
			);
			inputPaths = (
			);
			name = "Check Pods Manifest.lock";
			outputPaths = (
			);
			runOnlyForDeploymentPostprocessing = 0;
			shellPath = /bin/sh;
			shellScript = "diff \"${PODS_ROOT}/../Podfile.lock\" \"${PODS_ROOT}/Manifest.lock\" > /dev/null\nif [[ $? != 0 ]] ; then\n    cat << EOM\nerror: The sandbox is not in sync with the Podfile.lock. Run 'pod install' or update your CocoaPods installation.\nEOM\n    exit 1\nfi\n";
			showEnvVarsInLog = 0;
		};
/* End PBXShellScriptBuildPhase section */

/* Begin PBXSourcesBuildPhase section */
		6661DCED19804C6D00FB0D30 /* Sources */ = {
			isa = PBXSourcesBuildPhase;
			buildActionMask = 2147483647;
			files = (
				6661DD0B19804C6E00FB0D30 /* ViewController.m in Sources */,
				66155F8B1980F70C0017888E /* DMCircularScrollView.m in Sources */,
				6661DD0519804C6E00FB0D30 /* AppDelegate.m in Sources */,
				66155F931981173E0017888E /* WeightData.m in Sources */,
				66155F90198116770017888E /* Weight.m in Sources */,
				6661DD0119804C6E00FB0D30 /* main.m in Sources */,
			);
			runOnlyForDeploymentPostprocessing = 0;
		};
		6661DD0E19804C6E00FB0D30 /* Sources */ = {
			isa = PBXSourcesBuildPhase;
			buildActionMask = 2147483647;
			files = (
				6661DD2019804C6E00FB0D30 /* QuinsTests.m in Sources */,
			);
			runOnlyForDeploymentPostprocessing = 0;
		};
/* End PBXSourcesBuildPhase section */

/* Begin PBXTargetDependency section */
		6661DD1819804C6E00FB0D30 /* PBXTargetDependency */ = {
			isa = PBXTargetDependency;
			target = 6661DCF019804C6D00FB0D30 /* Quins */;
			targetProxy = 6661DD1719804C6E00FB0D30 /* PBXContainerItemProxy */;
		};
/* End PBXTargetDependency section */

/* Begin PBXVariantGroup section */
		6661DCFD19804C6E00FB0D30 /* InfoPlist.strings */ = {
			isa = PBXVariantGroup;
			children = (
				6661DCFE19804C6E00FB0D30 /* en */,
			);
			name = InfoPlist.strings;
			sourceTree = "<group>";
		};
		6661DD0619804C6E00FB0D30 /* Main.storyboard */ = {
			isa = PBXVariantGroup;
			children = (
				6661DD0719804C6E00FB0D30 /* Base */,
			);
			name = Main.storyboard;
			sourceTree = "<group>";
		};
		6661DD1C19804C6E00FB0D30 /* InfoPlist.strings */ = {
			isa = PBXVariantGroup;
			children = (
				6661DD1D19804C6E00FB0D30 /* en */,
			);
			name = InfoPlist.strings;
			sourceTree = "<group>";
		};
/* End PBXVariantGroup section */

/* Begin XCBuildConfiguration section */
		6661DD2119804C6E00FB0D30 /* Debug */ = {
			isa = XCBuildConfiguration;
			buildSettings = {
				ALWAYS_SEARCH_USER_PATHS = NO;
				CLANG_CXX_LANGUAGE_STANDARD = "gnu++0x";
				CLANG_CXX_LIBRARY = "libc++";
				CLANG_ENABLE_MODULES = YES;
				CLANG_ENABLE_OBJC_ARC = YES;
				CLANG_WARN_BOOL_CONVERSION = YES;
				CLANG_WARN_CONSTANT_CONVERSION = YES;
				CLANG_WARN_DIRECT_OBJC_ISA_USAGE = YES_ERROR;
				CLANG_WARN_EMPTY_BODY = YES;
				CLANG_WARN_ENUM_CONVERSION = YES;
				CLANG_WARN_INT_CONVERSION = YES;
				CLANG_WARN_OBJC_ROOT_CLASS = YES_ERROR;
				CLANG_WARN__DUPLICATE_METHOD_MATCH = YES;
				"CODE_SIGN_IDENTITY[sdk=iphoneos*]" = "iPhone Developer";
				COPY_PHASE_STRIP = NO;
				GCC_C_LANGUAGE_STANDARD = gnu99;
				GCC_DYNAMIC_NO_PIC = NO;
				GCC_OPTIMIZATION_LEVEL = 0;
				GCC_PREPROCESSOR_DEFINITIONS = (
					"DEBUG=1",
					"$(inherited)",
				);
				GCC_SYMBOLS_PRIVATE_EXTERN = NO;
				GCC_WARN_64_TO_32_BIT_CONVERSION = YES;
				GCC_WARN_ABOUT_RETURN_TYPE = YES_ERROR;
				GCC_WARN_UNDECLARED_SELECTOR = YES;
				GCC_WARN_UNINITIALIZED_AUTOS = YES_AGGRESSIVE;
				GCC_WARN_UNUSED_FUNCTION = YES;
				GCC_WARN_UNUSED_VARIABLE = YES;
				IPHONEOS_DEPLOYMENT_TARGET = 7.1;
				ONLY_ACTIVE_ARCH = YES;
				SDKROOT = iphoneos;
			};
			name = Debug;
		};
		6661DD2219804C6E00FB0D30 /* Release */ = {
			isa = XCBuildConfiguration;
			buildSettings = {
				ALWAYS_SEARCH_USER_PATHS = NO;
				CLANG_CXX_LANGUAGE_STANDARD = "gnu++0x";
				CLANG_CXX_LIBRARY = "libc++";
				CLANG_ENABLE_MODULES = YES;
				CLANG_ENABLE_OBJC_ARC = YES;
				CLANG_WARN_BOOL_CONVERSION = YES;
				CLANG_WARN_CONSTANT_CONVERSION = YES;
				CLANG_WARN_DIRECT_OBJC_ISA_USAGE = YES_ERROR;
				CLANG_WARN_EMPTY_BODY = YES;
				CLANG_WARN_ENUM_CONVERSION = YES;
				CLANG_WARN_INT_CONVERSION = YES;
				CLANG_WARN_OBJC_ROOT_CLASS = YES_ERROR;
				CLANG_WARN__DUPLICATE_METHOD_MATCH = YES;
				"CODE_SIGN_IDENTITY[sdk=iphoneos*]" = "iPhone Developer";
				COPY_PHASE_STRIP = YES;
				ENABLE_NS_ASSERTIONS = NO;
				GCC_C_LANGUAGE_STANDARD = gnu99;
				GCC_WARN_64_TO_32_BIT_CONVERSION = YES;
				GCC_WARN_ABOUT_RETURN_TYPE = YES_ERROR;
				GCC_WARN_UNDECLARED_SELECTOR = YES;
				GCC_WARN_UNINITIALIZED_AUTOS = YES_AGGRESSIVE;
				GCC_WARN_UNUSED_FUNCTION = YES;
				GCC_WARN_UNUSED_VARIABLE = YES;
				IPHONEOS_DEPLOYMENT_TARGET = 7.1;
				SDKROOT = iphoneos;
				VALIDATE_PRODUCT = YES;
			};
			name = Release;
		};
		6661DD2419804C6E00FB0D30 /* Debug */ = {
			isa = XCBuildConfiguration;
			baseConfigurationReference = 3633A9CBDC0C4340BACD5111 /* Pods.xcconfig */;
			buildSettings = {
				ASSETCATALOG_COMPILER_APPICON_NAME = AppIcon;
				ASSETCATALOG_COMPILER_LAUNCHIMAGE_NAME = LaunchImage;
				GCC_PRECOMPILE_PREFIX_HEADER = YES;
				GCC_PREFIX_HEADER = "Quins/Quins-Prefix.pch";
				INFOPLIST_FILE = "Quins/Quins-Info.plist";
				PRODUCT_NAME = "$(TARGET_NAME)";
				WRAPPER_EXTENSION = app;
			};
			name = Debug;
		};
		6661DD2519804C6E00FB0D30 /* Release */ = {
			isa = XCBuildConfiguration;
			baseConfigurationReference = 3633A9CBDC0C4340BACD5111 /* Pods.xcconfig */;
			buildSettings = {
				ASSETCATALOG_COMPILER_APPICON_NAME = AppIcon;
				ASSETCATALOG_COMPILER_LAUNCHIMAGE_NAME = LaunchImage;
				GCC_PRECOMPILE_PREFIX_HEADER = YES;
				GCC_PREFIX_HEADER = "Quins/Quins-Prefix.pch";
				INFOPLIST_FILE = "Quins/Quins-Info.plist";
				PRODUCT_NAME = "$(TARGET_NAME)";
				WRAPPER_EXTENSION = app;
			};
			name = Release;
		};
		6661DD2719804C6E00FB0D30 /* Debug */ = {
			isa = XCBuildConfiguration;
			buildSettings = {
				BUNDLE_LOADER = "$(BUILT_PRODUCTS_DIR)/Quins.app/Quins";
				FRAMEWORK_SEARCH_PATHS = (
					"$(SDKROOT)/Developer/Library/Frameworks",
					"$(inherited)",
					"$(DEVELOPER_FRAMEWORKS_DIR)",
				);
				GCC_PRECOMPILE_PREFIX_HEADER = YES;
				GCC_PREFIX_HEADER = "Quins/Quins-Prefix.pch";
				GCC_PREPROCESSOR_DEFINITIONS = (
					"DEBUG=1",
					"$(inherited)",
				);
				INFOPLIST_FILE = "QuinsTests/QuinsTests-Info.plist";
				PRODUCT_NAME = "$(TARGET_NAME)";
				TEST_HOST = "$(BUNDLE_LOADER)";
				WRAPPER_EXTENSION = xctest;
			};
			name = Debug;
		};
		6661DD2819804C6E00FB0D30 /* Release */ = {
			isa = XCBuildConfiguration;
			buildSettings = {
				BUNDLE_LOADER = "$(BUILT_PRODUCTS_DIR)/Quins.app/Quins";
				FRAMEWORK_SEARCH_PATHS = (
					"$(SDKROOT)/Developer/Library/Frameworks",
					"$(inherited)",
					"$(DEVELOPER_FRAMEWORKS_DIR)",
				);
				GCC_PRECOMPILE_PREFIX_HEADER = YES;
				GCC_PREFIX_HEADER = "Quins/Quins-Prefix.pch";
				INFOPLIST_FILE = "QuinsTests/QuinsTests-Info.plist";
				PRODUCT_NAME = "$(TARGET_NAME)";
				TEST_HOST = "$(BUNDLE_LOADER)";
				WRAPPER_EXTENSION = xctest;
			};
			name = Release;
		};
/* End XCBuildConfiguration section */

/* Begin XCConfigurationList section */
		6661DCEC19804C6D00FB0D30 /* Build configuration list for PBXProject "Quins" */ = {
			isa = XCConfigurationList;
			buildConfigurations = (
				6661DD2119804C6E00FB0D30 /* Debug */,
				6661DD2219804C6E00FB0D30 /* Release */,
			);
			defaultConfigurationIsVisible = 0;
			defaultConfigurationName = Release;
		};
		6661DD2319804C6E00FB0D30 /* Build configuration list for PBXNativeTarget "Quins" */ = {
			isa = XCConfigurationList;
			buildConfigurations = (
				6661DD2419804C6E00FB0D30 /* Debug */,
				6661DD2519804C6E00FB0D30 /* Release */,
			);
			defaultConfigurationIsVisible = 0;
			defaultConfigurationName = Release;
		};
		6661DD2619804C6E00FB0D30 /* Build configuration list for PBXNativeTarget "QuinsTests" */ = {
			isa = XCConfigurationList;
			buildConfigurations = (
				6661DD2719804C6E00FB0D30 /* Debug */,
				6661DD2819804C6E00FB0D30 /* Release */,
			);
			defaultConfigurationIsVisible = 0;
			defaultConfigurationName = Release;
		};
/* End XCConfigurationList section */
	};
	rootObject = 6661DCE919804C6D00FB0D30 /* Project object */;
}
